
Microsoft Visual Studio Solution File, Format Version 12.00
# Visual Studio Version 16
VisualStudioVersion = 16.0.29709.97
MinimumVisualStudioVersion = 10.0.40219.1
Project("{FAE04EC0-301F-11D3-BF4B-00C04F79EFBC}") = "TylorsTech.SimpleJsonSettings", "TylorsTech.SimpleJsonSettings.csproj", "{40D95A79-E793-46C1-AD30-44370901F914}"
EndProject
Global
	GlobalSection(SolutionConfigurationPlatforms) = preSolution
		Debug|Any CPU = Debug|Any CPU
		Release|Any CPU = Release|Any CPU
	EndGlobalSection
	GlobalSection(ProjectConfigurationPlatforms) = postSolution
		{40D95A79-E793-46C1-AD30-44370901F914}.Debug|Any CPU.ActiveCfg = Debug|Any CPU
		{40D95A79-E793-46C1-AD30-44370901F914}.Debug|Any CPU.Build.0 = Debug|Any CPU
		{40D95A79-E793-46C1-AD30-44370901F914}.Release|Any CPU.ActiveCfg = Release|Any CPU
		{40D95A79-E793-46C1-AD30-44370901F914}.Release|Any CPU.Build.0 = Release|Any CPU
	EndGlobalSection
	GlobalSection(SolutionProperties) = preSolution
		HideSolutionNode = FALSE
	EndGlobalSection
	GlobalSection(ExtensibilityGlobals) = postSolution
		SolutionGuid = {2C1C9988-89C8-4227-915B-6EA54E124F5F}
	EndGlobalSection
EndGlobal
